// !$*UTF8*$!
{
	archiveVersion = 1;
	classes = {
	};
	objectVersion = 46;
	objects = {

/* Begin PBXBuildFile section */
		B4646E2A1AFF3EFA000577B3 /* AppDelegate.swift in Sources */ = {isa = PBXBuildFile; fileRef = B4646E291AFF3EFA000577B3 /* AppDelegate.swift */; };
		B4646E2C1AFF3EFA000577B3 /* ViewController.swift in Sources */ = {isa = PBXBuildFile; fileRef = B4646E2B1AFF3EFA000577B3 /* ViewController.swift */; };
		B4646E2F1AFF3EFA000577B3 /* Main.storyboard in Resources */ = {isa = PBXBuildFile; fileRef = B4646E2D1AFF3EFA000577B3 /* Main.storyboard */; };
		B4646E311AFF3EFA000577B3 /* Images.xcassets in Resources */ = {isa = PBXBuildFile; fileRef = B4646E301AFF3EFA000577B3 /* Images.xcassets */; };
		B4646E341AFF3EFA000577B3 /* LaunchScreen.xib in Resources */ = {isa = PBXBuildFile; fileRef = B4646E321AFF3EFA000577B3 /* LaunchScreen.xib */; };
		B4646E401AFF3EFB000577B3 /* LaunchImagePickerTests.swift in Sources */ = {isa = PBXBuildFile; fileRef = B4646E3F1AFF3EFB000577B3 /* LaunchImagePickerTests.swift */; };
/* End PBXBuildFile section */

/* Begin PBXContainerItemProxy section */
		B4646E3A1AFF3EFB000577B3 /* PBXContainerItemProxy */ = {
			isa = PBXContainerItemProxy;
			containerPortal = B4646E1C1AFF3EFA000577B3 /* Project object */;
			proxyType = 1;
			remoteGlobalIDString = B4646E231AFF3EFA000577B3;
			remoteInfo = LaunchImagePicker;
		};
/* End PBXContainerItemProxy section */

/* Begin PBXFileReference section */
		B4646E241AFF3EFA000577B3 /* LaunchImagePicker.app */ = {isa = PBXFileReference; explicitFileType = wrapper.application; includeInIndex = 0; path = LaunchImagePicker.app; sourceTree = BUILT_PRODUCTS_DIR; };
		B4646E281AFF3EFA000577B3 /* Info.plist */ = {isa = PBXFileReference; lastKnownFileType = text.plist.xml; path = Info.plist; sourceTree = "<group>"; };
		B4646E291AFF3EFA000577B3 /* AppDelegate.swift */ = {isa = PBXFileReference; lastKnownFileType = sourcecode.swift; path = AppDelegate.swift; sourceTree = "<group>"; };
		B4646E2B1AFF3EFA000577B3 /* ViewController.swift */ = {isa = PBXFileReference; lastKnownFileType = sourcecode.swift; path = ViewController.swift; sourceTree = "<group>"; };
		B4646E2E1AFF3EFA000577B3 /* Base */ = {isa = PBXFileReference; lastKnownFileType = file.storyboard; name = Base; path = Base.lproj/Main.storyboard; sourceTree = "<group>"; };
		B4646E301AFF3EFA000577B3 /* Images.xcassets */ = {isa = PBXFileReference; lastKnownFileType = folder.assetcatalog; path = Images.xcassets; sourceTree = "<group>"; };
		B4646E331AFF3EFA000577B3 /* Base */ = {isa = PBXFileReference; lastKnownFileType = file.xib; name = Base; path = Base.lproj/LaunchScreen.xib; sourceTree = "<group>"; };
		B4646E391AFF3EFB000577B3 /* LaunchImagePickerTests.xctest */ = {isa = PBXFileReference; explicitFileType = wrapper.cfbundle; includeInIndex = 0; path = LaunchImagePickerTests.xctest; sourceTree = BUILT_PRODUCTS_DIR; };
		B4646E3E1AFF3EFB000577B3 /* Info.plist */ = {isa = PBXFileReference; lastKnownFileType = text.plist.xml; path = Info.plist; sourceTree = "<group>"; };
		B4646E3F1AFF3EFB000577B3 /* LaunchImagePickerTests.swift */ = {isa = PBXFileReference; lastKnownFileType = sourcecode.swift; path = LaunchImagePickerTests.swift; sourceTree = "<group>"; };
/* End PBXFileReference section */

/* Begin PBXFrameworksBuildPhase section */
		B4646E211AFF3EFA000577B3 /* Frameworks */ = {
			isa = PBXFrameworksBuildPhase;
			buildActionMask = 2147483647;
			files = (
			);
			runOnlyForDeploymentPostprocessing = 0;
		};
		B4646E361AFF3EFB000577B3 /* Frameworks */ = {
			isa = PBXFrameworksBuildPhase;
			buildActionMask = 2147483647;
			files = (
			);
			runOnlyForDeploymentPostprocessing = 0;
		};
/* End PBXFrameworksBuildPhase section */

/* Begin PBXGroup section */
		B4646E1B1AFF3EFA000577B3 = {
			isa = PBXGroup;
			children = (
				B4646E261AFF3EFA000577B3 /* LaunchImagePicker */,
				B4646E3C1AFF3EFB000577B3 /* LaunchImagePickerTests */,
				B4646E251AFF3EFA000577B3 /* Products */,
			);
			sourceTree = "<group>";
		};
		B4646E251AFF3EFA000577B3 /* Products */ = {
			isa = PBXGroup;
			children = (
				B4646E241AFF3EFA000577B3 /* LaunchImagePicker.app */,
				B4646E391AFF3EFB000577B3 /* LaunchImagePickerTests.xctest */,
			);
			name = Products;
			sourceTree = "<group>";
		};
		B4646E261AFF3EFA000577B3 /* LaunchImagePicker */ = {
			isa = PBXGroup;
			children = (
				B4646E291AFF3EFA000577B3 /* AppDelegate.swift */,
				B4646E2B1AFF3EFA000577B3 /* ViewController.swift */,
				B4646E2D1AFF3EFA000577B3 /* Main.storyboard */,
				B4646E301AFF3EFA000577B3 /* Images.xcassets */,
				B4646E321AFF3EFA000577B3 /* LaunchScreen.xib */,
				B4646E271AFF3EFA000577B3 /* Supporting Files */,
			);
			path = LaunchImagePicker;
			sourceTree = "<group>";
		};
		B4646E271AFF3EFA000577B3 /* Supporting Files */ = {
			isa = PBXGroup;
			children = (
				B4646E281AFF3EFA000577B3 /* Info.plist */,
			);
			name = "Supporting Files";
			sourceTree = "<group>";
		};
		B4646E3C1AFF3EFB000577B3 /* LaunchImagePickerTests */ = {
			isa = PBXGroup;
			children = (
				B4646E3F1AFF3EFB000577B3 /* LaunchImagePickerTests.swift */,
				B4646E3D1AFF3EFB000577B3 /* Supporting Files */,
			);
			path = LaunchImagePickerTests;
			sourceTree = "<group>";
		};
		B4646E3D1AFF3EFB000577B3 /* Supporting Files */ = {
			isa = PBXGroup;
			children = (
				B4646E3E1AFF3EFB000577B3 /* Info.plist */,
			);
			name = "Supporting Files";
			sourceTree = "<group>";
		};
/* End PBXGroup section */

/* Begin PBXNativeTarget section */
		B4646E231AFF3EFA000577B3 /* LaunchImagePicker */ = {
			isa = PBXNativeTarget;
			buildConfigurationList = B4646E431AFF3EFB000577B3 /* Build configuration list for PBXNativeTarget "LaunchImagePicker" */;
			buildPhases = (
				B4646E201AFF3EFA000577B3 /* Sources */,
				B4646E211AFF3EFA000577B3 /* Frameworks */,
				B4646E221AFF3EFA000577B3 /* Resources */,
			);
			buildRules = (
			);
			dependencies = (
			);
			name = LaunchImagePicker;
			productName = LaunchImagePicker;
			productReference = B4646E241AFF3EFA000577B3 /* LaunchImagePicker.app */;
			productType = "com.apple.product-type.application";
		};
		B4646E381AFF3EFB000577B3 /* LaunchImagePickerTests */ = {
			isa = PBXNativeTarget;
			buildConfigurationList = B4646E461AFF3EFB000577B3 /* Build configuration list for PBXNativeTarget "LaunchImagePickerTests" */;
			buildPhases = (
				B4646E351AFF3EFB000577B3 /* Sources */,
				B4646E361AFF3EFB000577B3 /* Frameworks */,
				B4646E371AFF3EFB000577B3 /* Resources */,
			);
			buildRules = (
			);
			dependencies = (
				B4646E3B1AFF3EFB000577B3 /* PBXTargetDependency */,
			);
			name = LaunchImagePickerTests;
			productName = LaunchImagePickerTests;
			productReference = B4646E391AFF3EFB000577B3 /* LaunchImagePickerTests.xctest */;
			productType = "com.apple.product-type.bundle.unit-test";
		};
/* End PBXNativeTarget section */

/* Begin PBXProject section */
		B4646E1C1AFF3EFA000577B3 /* Project object */ = {
			isa = PBXProject;
			attributes = {
				LastUpgradeCheck = 0630;
				ORGANIZATIONNAME = "Lance Hirsch";
				TargetAttributes = {
					B4646E231AFF3EFA000577B3 = {
						CreatedOnToolsVersion = 6.3.1;
					};
					B4646E381AFF3EFB000577B3 = {
						CreatedOnToolsVersion = 6.3.1;
						TestTargetID = B4646E231AFF3EFA000577B3;
					};
				};
			};
			buildConfigurationList = B4646E1F1AFF3EFA000577B3 /* Build configuration list for PBXProject "LaunchImagePicker" */;
			compatibilityVersion = "Xcode 3.2";
			developmentRegion = English;
			hasScannedForEncodings = 0;
			knownRegions = (
				en,
				Base,
			);
			mainGroup = B4646E1B1AFF3EFA000577B3;
			productRefGroup = B4646E251AFF3EFA000577B3 /* Products */;
			projectDirPath = "";
			projectRoot = "";
			targets = (
				B4646E231AFF3EFA000577B3 /* LaunchImagePicker */,
				B4646E381AFF3EFB000577B3 /* LaunchImagePickerTests */,
			);
		};
/* End PBXProject section */

/* Begin PBXResourcesBuildPhase section */
		B4646E221AFF3EFA000577B3 /* Resources */ = {
			isa = PBXResourcesBuildPhase;
			buildActionMask = 2147483647;
			files = (
				B4646E2F1AFF3EFA000577B3 /* Main.storyboard in Resources */,
				B4646E341AFF3EFA000577B3 /* LaunchScreen.xib in Resources */,
				B4646E311AFF3EFA000577B3 /* Images.xcassets in Resources */,
			);
			runOnlyForDeploymentPostprocessing = 0;
		};
		B4646E371AFF3EFB000577B3 /* Resources */ = {
			isa = PBXResourcesBuildPhase;
			buildActionMask = 2147483647;
			files = (
			);
			runOnlyForDeploymentPostprocessing = 0;
		};
/* End PBXResourcesBuildPhase section */

/* Begin PBXSourcesBuildPhase section */
		B4646E201AFF3EFA000577B3 /* Sources */ = {
			isa = PBXSourcesBuildPhase;
			buildActionMask = 2147483647;
			files = (
				B4646E2C1AFF3EFA000577B3 /* ViewController.swift in Sources */,
				B4646E2A1AFF3EFA000577B3 /* AppDelegate.swift in Sources */,
			);
			runOnlyForDeploymentPostprocessing = 0;
		};
		B4646E351AFF3EFB000577B3 /* Sources */ = {
			isa = PBXSourcesBuildPhase;
			buildActionMask = 2147483647;
			files = (
				B4646E401AFF3EFB000577B3 /* LaunchImagePickerTests.swift in Sources */,
			);
			runOnlyForDeploymentPostprocessing = 0;
		};
/* End PBXSourcesBuildPhase section */

/* Begin PBXTargetDependency section */
		B4646E3B1AFF3EFB000577B3 /* PBXTargetDependency */ = {
			isa = PBXTargetDependency;
			target = B4646E231AFF3EFA000577B3 /* LaunchImagePicker */;
			targetProxy = B4646E3A1AFF3EFB000577B3 /* PBXContainerItemProxy */;
		};
/* End PBXTargetDependency section */

/* Begin PBXVariantGroup section */
		B4646E2D1AFF3EFA000577B3 /* Main.storyboard */ = {
			isa = PBXVariantGroup;
			children = (
				B4646E2E1AFF3EFA000577B3 /* Base */,
			);
			name = Main.storyboard;
			sourceTree = "<group>";
		};
		B4646E321AFF3EFA000577B3 /* LaunchScreen.xib */ = {
			isa = PBXVariantGroup;
			children = (
				B4646E331AFF3EFA000577B3 /* Base */,
			);
			name = LaunchScreen.xib;
			sourceTree = "<group>";
		};
/* End PBXVariantGroup section */

/* Begin XCBuildConfiguration section */
		B4646E411AFF3EFB000577B3 /* Debug */ = {
			isa = XCBuildConfiguration;
			buildSettings = {
				ALWAYS_SEARCH_USER_PATHS = NO;
				CLANG_CXX_LANGUAGE_STANDARD = "gnu++0x";
				CLANG_CXX_LIBRARY = "libc++";
				CLANG_ENABLE_MODULES = YES;
				CLANG_ENABLE_OBJC_ARC = YES;
				CLANG_WARN_BOOL_CONVERSION = YES;
				CLANG_WARN_CONSTANT_CONVERSION = YES;
				CLANG_WARN_DIRECT_OBJC_ISA_USAGE = YES_ERROR;
				CLANG_WARN_EMPTY_BODY = YES;
				CLANG_WARN_ENUM_CONVERSION = YES;
				CLANG_WARN_INT_CONVERSION = YES;
				CLANG_WARN_OBJC_ROOT_CLASS = YES_ERROR;
				CLANG_WARN_UNREACHABLE_CODE = YES;
				CLANG_WARN__DUPLICATE_METHOD_MATCH = YES;
				"CODE_SIGN_IDENTITY[sdk=iphoneos*]" = "iPhone Developer";
				COPY_PHASE_STRIP = NO;
				DEBUG_INFORMATION_FORMAT = "dwarf-with-dsym";
				ENABLE_STRICT_OBJC_MSGSEND = YES;
				GCC_C_LANGUAGE_STANDARD = gnu99;
				GCC_DYNAMIC_NO_PIC = NO;
				GCC_NO_COMMON_BLOCKS = YES;
				GCC_OPTIMIZATION_LEVEL = 0;
				GCC_PREPROCESSOR_DEFINITIONS = (
					"DEBUG=1",
					"$(inherited)",
				);
				GCC_SYMBOLS_PRIVATE_EXTERN = NO;
				GCC_WARN_64_TO_32_BIT_CONVERSION = YES;
				GCC_WARN_ABOUT_RETURN_TYPE = YES_ERROR;
				GCC_WARN_UNDECLARED_SELECTOR = YES;
				GCC_WARN_UNINITIALIZED_AUTOS = YES_AGGRESSIVE;
				GCC_WARN_UNUSED_FUNCTION = YES;
				GCC_WARN_UNUSED_VARIABLE = YES;
				IPHONEOS_DEPLOYMENT_TARGET = 8.3;
				MTL_ENABLE_DEBUG_INFO = YES;
				ONLY_ACTIVE_ARCH = YES;
				SDKROOT = iphoneos;
				SWIFT_OPTIMIZATION_LEVEL = "-Onone";
			};
			name = Debug;
		};
		B4646E421AFF3EFB000577B3 /* Release */ = {
			isa = XCBuildConfiguration;
			buildSettings = {
				ALWAYS_SEARCH_USER_PATHS = NO;
				CLANG_CXX_LANGUAGE_STANDARD = "gnu++0x";
				CLANG_CXX_LIBRARY = "libc++";
				CLANG_ENABLE_MODULES = YES;
				CLANG_ENABLE_OBJC_ARC = YES;
				CLANG_WARN_BOOL_CONVERSION = YES;
				CLANG_WARN_CONSTANT_CONVERSION = YES;
				CLANG_WARN_DIRECT_OBJC_ISA_USAGE = YES_ERROR;
				CLANG_WARN_EMPTY_BODY = YES;
				CLANG_WARN_ENUM_CONVERSION = YES;
				CLANG_WARN_INT_CONVERSION = YES;
				CLANG_WARN_OBJC_ROOT_CLASS = YES_ERROR;
				CLANG_WARN_UNREACHABLE_CODE = YES;
				CLANG_WARN__DUPLICATE_METHOD_MATCH = YES;
				"CODE_SIGN_IDENTITY[sdk=iphoneos*]" = "iPhone Developer";
				COPY_PHASE_STRIP = NO;
				DEBUG_INFORMATION_FORMAT = "dwarf-with-dsym";
				ENABLE_NS_ASSERTIONS = NO;
				ENABLE_STRICT_OBJC_MSGSEND = YES;
				GCC_C_LANGUAGE_STANDARD = gnu99;
				GCC_NO_COMMON_BLOCKS = YES;
				GCC_WARN_64_TO_32_BIT_CONVERSION = YES;
				GCC_WARN_ABOUT_RETURN_TYPE = YES_ERROR;
				GCC_WARN_UNDECLARED_SELECTOR = YES;
				GCC_WARN_UNINITIALIZED_AUTOS = YES_AGGRESSIVE;
				GCC_WARN_UNUSED_FUNCTION = YES;
				GCC_WARN_UNUSED_VARIABLE = YES;
				IPHONEOS_DEPLOYMENT_TARGET = 8.3;
				MTL_ENABLE_DEBUG_INFO = NO;
				SDKROOT = iphoneos;
				VALIDATE_PRODUCT = YES;
			};
			name = Release;
		};
		B4646E441AFF3EFB000577B3 /* Debug */ = {
			isa = XCBuildConfiguration;
			buildSettings = {
				ASSETCATALOG_COMPILER_APPICON_NAME = AppIcon;
				INFOPLIST_FILE = LaunchImagePicker/Info.plist;
				LD_RUNPATH_SEARCH_PATHS = "$(inherited) @executable_path/Frameworks";
				PRODUCT_NAME = "$(TARGET_NAME)";
			};
			name = Debug;
		};
		B4646E451AFF3EFB000577B3 /* Release */ = {
			isa = XCBuildConfiguration;
			buildSettings = {
				ASSETCATALOG_COMPILER_APPICON_NAME = AppIcon;
				INFOPLIST_FILE = LaunchImagePicker/Info.plist;
				LD_RUNPATH_SEARCH_PATHS = "$(inherited) @executable_path/Frameworks";
				PRODUCT_NAME = "$(TARGET_NAME)";
			};
			name = Release;
		};
		B4646E471AFF3EFB000577B3 /* Debug */ = {
			isa = XCBuildConfiguration;
			buildSettings = {
				BUNDLE_LOADER = "$(TEST_HOST)";
				FRAMEWORK_SEARCH_PATHS = (
					"$(SDKROOT)/Developer/Library/Frameworks",
					"$(inherited)",
				);
				GCC_PREPROCESSOR_DEFINITIONS = (
					"DEBUG=1",
					"$(inherited)",
				);
				INFOPLIST_FILE = LaunchImagePickerTests/Info.plist;
				LD_RUNPATH_SEARCH_PATHS = "$(inherited) @executable_path/Frameworks @loader_path/Frameworks";
				PRODUCT_NAME = "$(TARGET_NAME)";
				TEST_HOST = "$(BUILT_PRODUCTS_DIR)/LaunchImagePicker.app/LaunchImagePicker";
			};
			name = Debug;
		};
		B4646E481AFF3EFB000577B3 /* Release */ = {
			isa = XCBuildConfiguration;
			buildSettings = {
				BUNDLE_LOADER = "$(TEST_HOST)";
				FRAMEWORK_SEARCH_PATHS = (
					"$(SDKROOT)/Developer/Library/Frameworks",
					"$(inherited)",
				);
				INFOPLIST_FILE = LaunchImagePickerTests/Info.plist;
				LD_RUNPATH_SEARCH_PATHS = "$(inherited) @executable_path/Frameworks @loader_path/Frameworks";
				PRODUCT_NAME = "$(TARGET_NAME)";
				TEST_HOST = "$(BUILT_PRODUCTS_DIR)/LaunchImagePicker.app/LaunchImagePicker";
			};
			name = Release;
		};
/* End XCBuildConfiguration section */

/* Begin XCConfigurationList section */
		B4646E1F1AFF3EFA000577B3 /* Build configuration list for PBXProject "LaunchImagePicker" */ = {
			isa = XCConfigurationList;
			buildConfigurations = (
				B4646E411AFF3EFB000577B3 /* Debug */,
				B4646E421AFF3EFB000577B3 /* Release */,
			);
			defaultConfigurationIsVisible = 0;
			defaultConfigurationName = Release;
		};
		B4646E431AFF3EFB000577B3 /* Build configuration list for PBXNativeTarget "LaunchImagePicker" */ = {
			isa = XCConfigurationList;
			buildConfigurations = (
				B4646E441AFF3EFB000577B3 /* Debug */,
				B4646E451AFF3EFB000577B3 /* Release */,
			);
			defaultConfigurationIsVisible = 0;
		};
		B4646E461AFF3EFB000577B3 /* Build configuration list for PBXNativeTarget "LaunchImagePickerTests" */ = {
			isa = XCConfigurationList;
			buildConfigurations = (
				B4646E471AFF3EFB000577B3 /* Debug */,
				B4646E481AFF3EFB000577B3 /* Release */,
			);
			defaultConfigurationIsVisible = 0;
		};
/* End XCConfigurationList section */
	};
	rootObject = B4646E1C1AFF3EFA000577B3 /* Project object */;
}
